
Microsoft Visual Studio Solution File, Format Version 12.00
# Visual Studio Version 17
VisualStudioVersion = 17.9.34728.123
MinimumVisualStudioVersion = 10.0.40219.1
Project("{FAE04EC0-301F-11D3-BF4B-00C04F79EFBC}") = "Savedrake v1.2.3", "Savedrake v1.2.3\Savedrake v1.2.3.csproj", "{890F37B1-D5E4-4375-8790-D94BC4DCED9F}"
EndProject
Global
	GlobalSection(SolutionConfigurationPlatforms) = preSolution
		Debug|Any CPU = Debug|Any CPU
		Release|Any CPU = Release|Any CPU
	EndGlobalSection
	GlobalSection(ProjectConfigurationPlatforms) = postSolution
		{890F37B1-D5E4-4375-8790-D94BC4DCED9F}.Debug|Any CPU.ActiveCfg = Debug|Any CPU
		{890F37B1-D5E4-4375-8790-D94BC4DCED9F}.Debug|Any CPU.Build.0 = Debug|Any CPU
		{890F37B1-D5E4-4375-8790-D94BC4DCED9F}.Release|Any CPU.ActiveCfg = Release|Any CPU
		{890F37B1-D5E4-4375-8790-D94BC4DCED9F}.Release|Any CPU.Build.0 = Release|Any CPU
	EndGlobalSection
	GlobalSection(SolutionProperties) = preSolution
		HideSolutionNode = FALSE
	EndGlobalSection
	GlobalSection(ExtensibilityGlobals) = postSolution
		SolutionGuid = {81A993B4-BC6C-4209-BAB1-4028B96B3EAA}
	EndGlobalSection
EndGlobal
